// !$*UTF8*$!
{
	archiveVersion = 1;
	classes = {
	};
	objectVersion = 50;
	objects = {

/* Begin PBXBuildFile section */
		6228C5732280B8C0002F3A20 /* LogInViewController.swift in Sources */ = {isa = PBXBuildFile; fileRef = 6228C5722280B8C0002F3A20 /* LogInViewController.swift */; };
		6228C5752280B8C8002F3A20 /* SignUpViewController.swift in Sources */ = {isa = PBXBuildFile; fileRef = 6228C5742280B8C8002F3A20 /* SignUpViewController.swift */; };
		6228C5772281019E002F3A20 /* MessageModel.swift in Sources */ = {isa = PBXBuildFile; fileRef = 6228C5762281019E002F3A20 /* MessageModel.swift */; };
		628703202280B422009D612D /* GoogleService-Info.plist in Resources */ = {isa = PBXBuildFile; fileRef = 6287031F2280B422009D612D /* GoogleService-Info.plist */; };
		62BDE8A62281D07C00931CAE /* MessageLogController.swift in Sources */ = {isa = PBXBuildFile; fileRef = 62BDE8A52281D07C00931CAE /* MessageLogController.swift */; };
		62BDE8A822823E4E00931CAE /* MessageCell.swift in Sources */ = {isa = PBXBuildFile; fileRef = 62BDE8A722823E4E00931CAE /* MessageCell.swift */; };
		62BE56FB228B9238000D9251 /* FilterSortCellCollectionViewCell.swift in Sources */ = {isa = PBXBuildFile; fileRef = 62BE56FA228B9238000D9251 /* FilterSortCellCollectionViewCell.swift */; };
		62BE56FD228B9240000D9251 /* FilterSortCollectionViewController.swift in Sources */ = {isa = PBXBuildFile; fileRef = 62BE56FC228B9240000D9251 /* FilterSortCollectionViewController.swift */; };
		62BE56FF228B9245000D9251 /* PurchaseViewController.swift in Sources */ = {isa = PBXBuildFile; fileRef = 62BE56FE228B9245000D9251 /* PurchaseViewController.swift */; };
		62BE5705228B94E1000D9251 /* FilterTableViewController.swift in Sources */ = {isa = PBXBuildFile; fileRef = 62BE5702228B94E1000D9251 /* FilterTableViewController.swift */; };
		62BE5706228B94E1000D9251 /* FilterViewController.swift in Sources */ = {isa = PBXBuildFile; fileRef = 62BE5703228B94E1000D9251 /* FilterViewController.swift */; };
		62BE5707228B94E1000D9251 /* SortTableViewController.swift in Sources */ = {isa = PBXBuildFile; fileRef = 62BE5704228B94E1000D9251 /* SortTableViewController.swift */; };
		62BE5709228B98ED000D9251 /* logo.png in Resources */ = {isa = PBXBuildFile; fileRef = 62BE5708228B98EC000D9251 /* logo.png */; };
		6330D80A227D4B67001C8375 /* UserModel.swift in Sources */ = {isa = PBXBuildFile; fileRef = 6330D809227D4B67001C8375 /* UserModel.swift */; };
		6340C0AC227261920035F3FA /* MessagesTableViewController.swift in Sources */ = {isa = PBXBuildFile; fileRef = 6340C0AB227261920035F3FA /* MessagesTableViewController.swift */; };
		634B6E09227910E100362929 /* ExistingItemCollectionViewCell.swift in Sources */ = {isa = PBXBuildFile; fileRef = 634B6E07227910E100362929 /* ExistingItemCollectionViewCell.swift */; };
		637B26B9226F5791001D42F6 /* BuyViewController.swift in Sources */ = {isa = PBXBuildFile; fileRef = 637B26B8226F5791001D42F6 /* BuyViewController.swift */; };
		637B26BB226F579F001D42F6 /* SellViewController.swift in Sources */ = {isa = PBXBuildFile; fileRef = 637B26BA226F579F001D42F6 /* SellViewController.swift */; };
		637B26BD226F57AE001D42F6 /* MessagesViewController.swift in Sources */ = {isa = PBXBuildFile; fileRef = 637B26BC226F57AE001D42F6 /* MessagesViewController.swift */; };
		638CB27822710C77005CB451 /* BuyCollectionViewController.swift in Sources */ = {isa = PBXBuildFile; fileRef = 638CB27722710C77005CB451 /* BuyCollectionViewController.swift */; };
		639C23EB2279F843005F2325 /* ItemDetailViewController.swift in Sources */ = {isa = PBXBuildFile; fileRef = 639C23EA2279F843005F2325 /* ItemDetailViewController.swift */; };
		639FA9CE226E5C3F0062E2EA /* AppDelegate.swift in Sources */ = {isa = PBXBuildFile; fileRef = 639FA9CD226E5C3F0062E2EA /* AppDelegate.swift */; };
		639FA9D3226E5C3F0062E2EA /* Main.storyboard in Resources */ = {isa = PBXBuildFile; fileRef = 639FA9D1226E5C3F0062E2EA /* Main.storyboard */; };
		639FA9D6226E5C3F0062E2EA /* LocalMarketplace.xcdatamodeld in Sources */ = {isa = PBXBuildFile; fileRef = 639FA9D4226E5C3F0062E2EA /* LocalMarketplace.xcdatamodeld */; };
		639FA9D8226E5C410062E2EA /* Assets.xcassets in Resources */ = {isa = PBXBuildFile; fileRef = 639FA9D7226E5C410062E2EA /* Assets.xcassets */; };
		639FA9DB226E5C410062E2EA /* LaunchScreen.storyboard in Resources */ = {isa = PBXBuildFile; fileRef = 639FA9D9226E5C410062E2EA /* LaunchScreen.storyboard */; };
		639FA9E6226E5C410062E2EA /* LocalMarketplaceTests.swift in Sources */ = {isa = PBXBuildFile; fileRef = 639FA9E5226E5C410062E2EA /* LocalMarketplaceTests.swift */; };
		639FA9F1226E5C410062E2EA /* LocalMarketplaceUITests.swift in Sources */ = {isa = PBXBuildFile; fileRef = 639FA9F0226E5C410062E2EA /* LocalMarketplaceUITests.swift */; };
		63FD90DF228010D900CFB29D /* UserViewController.swift in Sources */ = {isa = PBXBuildFile; fileRef = 63FD90DE228010D900CFB29D /* UserViewController.swift */; };
		8CF01A3D15DDBB221878A6E8 /* Pods_LocalMarketplace.framework in Frameworks */ = {isa = PBXBuildFile; fileRef = F0D0E376724D4342AB2545E8 /* Pods_LocalMarketplace.framework */; };
		B5340A862278E58E00D07DB8 /* ItemModel.swift in Sources */ = {isa = PBXBuildFile; fileRef = B5340A852278E58E00D07DB8 /* ItemModel.swift */; };
		B5D126D32278F06F00D435EF /* OwnedItemTableViewCell.swift in Sources */ = {isa = PBXBuildFile; fileRef = B5D126D22278F06F00D435EF /* OwnedItemTableViewCell.swift */; };
		B5E150612278EA6200622310 /* NewItemViewController.swift in Sources */ = {isa = PBXBuildFile; fileRef = B5E150602278EA6200622310 /* NewItemViewController.swift */; };
		E5B7CBA51F86FC68D183E50C /* Pods_LocalMarketplaceTests.framework in Frameworks */ = {isa = PBXBuildFile; fileRef = 90AB55BB8EB7D45B28F7A6E4 /* Pods_LocalMarketplaceTests.framework */; };
		F946C8B4E1DF8643E9B0CD62 /* Pods_LocalMarketplaceUITests.framework in Frameworks */ = {isa = PBXBuildFile; fileRef = 75532C0B2B4AE2FD34507768 /* Pods_LocalMarketplaceUITests.framework */; };
/* End PBXBuildFile section */

/* Begin PBXContainerItemProxy section */
		639FA9E2226E5C410062E2EA /* PBXContainerItemProxy */ = {
			isa = PBXContainerItemProxy;
			containerPortal = 639FA9C2226E5C3F0062E2EA /* Project object */;
			proxyType = 1;
			remoteGlobalIDString = 639FA9C9226E5C3F0062E2EA;
			remoteInfo = LocalMarketplace;
		};
		639FA9ED226E5C410062E2EA /* PBXContainerItemProxy */ = {
			isa = PBXContainerItemProxy;
			containerPortal = 639FA9C2226E5C3F0062E2EA /* Project object */;
			proxyType = 1;
			remoteGlobalIDString = 639FA9C9226E5C3F0062E2EA;
			remoteInfo = LocalMarketplace;
		};
/* End PBXContainerItemProxy section */

/* Begin PBXFileReference section */
		1A1E8C592F035D466B9A8053 /* Pods-LocalMarketplaceUITests.release.xcconfig */ = {isa = PBXFileReference; includeInIndex = 1; lastKnownFileType = text.xcconfig; name = "Pods-LocalMarketplaceUITests.release.xcconfig"; path = "Target Support Files/Pods-LocalMarketplaceUITests/Pods-LocalMarketplaceUITests.release.xcconfig"; sourceTree = "<group>"; };
		6228C5722280B8C0002F3A20 /* LogInViewController.swift */ = {isa = PBXFileReference; fileEncoding = 4; lastKnownFileType = sourcecode.swift; name = LogInViewController.swift; path = LocalMarketplace/LogInViewController.swift; sourceTree = SOURCE_ROOT; };
		6228C5742280B8C8002F3A20 /* SignUpViewController.swift */ = {isa = PBXFileReference; fileEncoding = 4; lastKnownFileType = sourcecode.swift; name = SignUpViewController.swift; path = LocalMarketplace/SignUpViewController.swift; sourceTree = SOURCE_ROOT; };
		6228C5762281019E002F3A20 /* MessageModel.swift */ = {isa = PBXFileReference; lastKnownFileType = sourcecode.swift; path = MessageModel.swift; sourceTree = "<group>"; };
		6287031F2280B422009D612D /* GoogleService-Info.plist */ = {isa = PBXFileReference; fileEncoding = 4; lastKnownFileType = text.plist.xml; path = "GoogleService-Info.plist"; sourceTree = "<group>"; };
		62BDE8A52281D07C00931CAE /* MessageLogController.swift */ = {isa = PBXFileReference; lastKnownFileType = sourcecode.swift; path = MessageLogController.swift; sourceTree = "<group>"; };
		62BDE8A722823E4E00931CAE /* MessageCell.swift */ = {isa = PBXFileReference; lastKnownFileType = sourcecode.swift; path = MessageCell.swift; sourceTree = "<group>"; };
		62BE56FA228B9238000D9251 /* FilterSortCellCollectionViewCell.swift */ = {isa = PBXFileReference; fileEncoding = 4; lastKnownFileType = sourcecode.swift; path = FilterSortCellCollectionViewCell.swift; sourceTree = "<group>"; };
		62BE56FC228B9240000D9251 /* FilterSortCollectionViewController.swift */ = {isa = PBXFileReference; fileEncoding = 4; lastKnownFileType = sourcecode.swift; path = FilterSortCollectionViewController.swift; sourceTree = "<group>"; };
		62BE56FE228B9245000D9251 /* PurchaseViewController.swift */ = {isa = PBXFileReference; fileEncoding = 4; lastKnownFileType = sourcecode.swift; path = PurchaseViewController.swift; sourceTree = "<group>"; };
		62BE5702228B94E1000D9251 /* FilterTableViewController.swift */ = {isa = PBXFileReference; fileEncoding = 4; lastKnownFileType = sourcecode.swift; name = FilterTableViewController.swift; path = "LocalMarketplace/SortFilter-View/FilterTableViewController.swift"; sourceTree = SOURCE_ROOT; };
		62BE5703228B94E1000D9251 /* FilterViewController.swift */ = {isa = PBXFileReference; fileEncoding = 4; lastKnownFileType = sourcecode.swift; name = FilterViewController.swift; path = "LocalMarketplace/SortFilter-View/FilterViewController.swift"; sourceTree = SOURCE_ROOT; };
		62BE5704228B94E1000D9251 /* SortTableViewController.swift */ = {isa = PBXFileReference; fileEncoding = 4; lastKnownFileType = sourcecode.swift; name = SortTableViewController.swift; path = "LocalMarketplace/SortFilter-View/SortTableViewController.swift"; sourceTree = SOURCE_ROOT; };
		62BE5708228B98EC000D9251 /* logo.png */ = {isa = PBXFileReference; lastKnownFileType = image.png; path = logo.png; sourceTree = "<group>"; };
		6330D809227D4B67001C8375 /* UserModel.swift */ = {isa = PBXFileReference; lastKnownFileType = sourcecode.swift; path = UserModel.swift; sourceTree = "<group>"; };
		6340C0AB227261920035F3FA /* MessagesTableViewController.swift */ = {isa = PBXFileReference; lastKnownFileType = sourcecode.swift; path = MessagesTableViewController.swift; sourceTree = "<group>"; };
		634B6E07227910E100362929 /* ExistingItemCollectionViewCell.swift */ = {isa = PBXFileReference; lastKnownFileType = sourcecode.swift; path = ExistingItemCollectionViewCell.swift; sourceTree = "<group>"; };
		637B26B8226F5791001D42F6 /* BuyViewController.swift */ = {isa = PBXFileReference; lastKnownFileType = sourcecode.swift; path = BuyViewController.swift; sourceTree = "<group>"; };
		637B26BA226F579F001D42F6 /* SellViewController.swift */ = {isa = PBXFileReference; lastKnownFileType = sourcecode.swift; name = SellViewController.swift; path = ../SellViewController.swift; sourceTree = "<group>"; };
		637B26BC226F57AE001D42F6 /* MessagesViewController.swift */ = {isa = PBXFileReference; lastKnownFileType = sourcecode.swift; path = MessagesViewController.swift; sourceTree = "<group>"; };
		638CB27722710C77005CB451 /* BuyCollectionViewController.swift */ = {isa = PBXFileReference; lastKnownFileType = sourcecode.swift; path = BuyCollectionViewController.swift; sourceTree = "<group>"; };
		639C23EA2279F843005F2325 /* ItemDetailViewController.swift */ = {isa = PBXFileReference; lastKnownFileType = sourcecode.swift; path = ItemDetailViewController.swift; sourceTree = "<group>"; };
		639FA9CA226E5C3F0062E2EA /* LocalMarketplace.app */ = {isa = PBXFileReference; explicitFileType = wrapper.application; includeInIndex = 0; path = LocalMarketplace.app; sourceTree = BUILT_PRODUCTS_DIR; };
		639FA9CD226E5C3F0062E2EA /* AppDelegate.swift */ = {isa = PBXFileReference; lastKnownFileType = sourcecode.swift; path = AppDelegate.swift; sourceTree = "<group>"; };
		639FA9D2226E5C3F0062E2EA /* Base */ = {isa = PBXFileReference; lastKnownFileType = file.storyboard; name = Base; path = Base.lproj/Main.storyboard; sourceTree = "<group>"; };
		639FA9D5226E5C3F0062E2EA /* LocalMarketplace.xcdatamodel */ = {isa = PBXFileReference; lastKnownFileType = wrapper.xcdatamodel; path = LocalMarketplace.xcdatamodel; sourceTree = "<group>"; };
		639FA9D7226E5C410062E2EA /* Assets.xcassets */ = {isa = PBXFileReference; lastKnownFileType = folder.assetcatalog; path = Assets.xcassets; sourceTree = "<group>"; };
		639FA9DA226E5C410062E2EA /* Base */ = {isa = PBXFileReference; lastKnownFileType = file.storyboard; name = Base; path = Base.lproj/LaunchScreen.storyboard; sourceTree = "<group>"; };
		639FA9DC226E5C410062E2EA /* Info.plist */ = {isa = PBXFileReference; lastKnownFileType = text.plist.xml; path = Info.plist; sourceTree = "<group>"; };
		639FA9E1226E5C410062E2EA /* LocalMarketplaceTests.xctest */ = {isa = PBXFileReference; explicitFileType = wrapper.cfbundle; includeInIndex = 0; path = LocalMarketplaceTests.xctest; sourceTree = BUILT_PRODUCTS_DIR; };
		639FA9E5226E5C410062E2EA /* LocalMarketplaceTests.swift */ = {isa = PBXFileReference; lastKnownFileType = sourcecode.swift; path = LocalMarketplaceTests.swift; sourceTree = "<group>"; };
		639FA9E7226E5C410062E2EA /* Info.plist */ = {isa = PBXFileReference; lastKnownFileType = text.plist.xml; path = Info.plist; sourceTree = "<group>"; };
		639FA9EC226E5C410062E2EA /* LocalMarketplaceUITests.xctest */ = {isa = PBXFileReference; explicitFileType = wrapper.cfbundle; includeInIndex = 0; path = LocalMarketplaceUITests.xctest; sourceTree = BUILT_PRODUCTS_DIR; };
		639FA9F0226E5C410062E2EA /* LocalMarketplaceUITests.swift */ = {isa = PBXFileReference; lastKnownFileType = sourcecode.swift; path = LocalMarketplaceUITests.swift; sourceTree = "<group>"; };
		639FA9F2226E5C410062E2EA /* Info.plist */ = {isa = PBXFileReference; lastKnownFileType = text.plist.xml; path = Info.plist; sourceTree = "<group>"; };
		63FD90DE228010D900CFB29D /* UserViewController.swift */ = {isa = PBXFileReference; lastKnownFileType = sourcecode.swift; path = UserViewController.swift; sourceTree = "<group>"; };
		75532C0B2B4AE2FD34507768 /* Pods_LocalMarketplaceUITests.framework */ = {isa = PBXFileReference; explicitFileType = wrapper.framework; includeInIndex = 0; path = Pods_LocalMarketplaceUITests.framework; sourceTree = BUILT_PRODUCTS_DIR; };
		90AB55BB8EB7D45B28F7A6E4 /* Pods_LocalMarketplaceTests.framework */ = {isa = PBXFileReference; explicitFileType = wrapper.framework; includeInIndex = 0; path = Pods_LocalMarketplaceTests.framework; sourceTree = BUILT_PRODUCTS_DIR; };
		99A61F8D874108EDF07B4CB0 /* Pods-LocalMarketplace.release.xcconfig */ = {isa = PBXFileReference; includeInIndex = 1; lastKnownFileType = text.xcconfig; name = "Pods-LocalMarketplace.release.xcconfig"; path = "Target Support Files/Pods-LocalMarketplace/Pods-LocalMarketplace.release.xcconfig"; sourceTree = "<group>"; };
		A4C0E77FF7ADCF6028F855DD /* Pods-LocalMarketplaceUITests.debug.xcconfig */ = {isa = PBXFileReference; includeInIndex = 1; lastKnownFileType = text.xcconfig; name = "Pods-LocalMarketplaceUITests.debug.xcconfig"; path = "Target Support Files/Pods-LocalMarketplaceUITests/Pods-LocalMarketplaceUITests.debug.xcconfig"; sourceTree = "<group>"; };
		B5340A852278E58E00D07DB8 /* ItemModel.swift */ = {isa = PBXFileReference; lastKnownFileType = sourcecode.swift; path = ItemModel.swift; sourceTree = "<group>"; };
		B5BA7240647F3C09EFCC94BE /* Pods-LocalMarketplace.debug.xcconfig */ = {isa = PBXFileReference; includeInIndex = 1; lastKnownFileType = text.xcconfig; name = "Pods-LocalMarketplace.debug.xcconfig"; path = "Target Support Files/Pods-LocalMarketplace/Pods-LocalMarketplace.debug.xcconfig"; sourceTree = "<group>"; };
		B5D126D22278F06F00D435EF /* OwnedItemTableViewCell.swift */ = {isa = PBXFileReference; lastKnownFileType = sourcecode.swift; path = OwnedItemTableViewCell.swift; sourceTree = "<group>"; };
		B5E150602278EA6200622310 /* NewItemViewController.swift */ = {isa = PBXFileReference; lastKnownFileType = sourcecode.swift; path = NewItemViewController.swift; sourceTree = "<group>"; };
		E76BE528BD78BB51629B4F88 /* Pods-LocalMarketplaceTests.debug.xcconfig */ = {isa = PBXFileReference; includeInIndex = 1; lastKnownFileType = text.xcconfig; name = "Pods-LocalMarketplaceTests.debug.xcconfig"; path = "Target Support Files/Pods-LocalMarketplaceTests/Pods-LocalMarketplaceTests.debug.xcconfig"; sourceTree = "<group>"; };
		F0D0E376724D4342AB2545E8 /* Pods_LocalMarketplace.framework */ = {isa = PBXFileReference; explicitFileType = wrapper.framework; includeInIndex = 0; path = Pods_LocalMarketplace.framework; sourceTree = BUILT_PRODUCTS_DIR; };
		FEF66B105D1488F0DD57AF2B /* Pods-LocalMarketplaceTests.release.xcconfig */ = {isa = PBXFileReference; includeInIndex = 1; lastKnownFileType = text.xcconfig; name = "Pods-LocalMarketplaceTests.release.xcconfig"; path = "Target Support Files/Pods-LocalMarketplaceTests/Pods-LocalMarketplaceTests.release.xcconfig"; sourceTree = "<group>"; };
/* End PBXFileReference section */

/* Begin PBXFrameworksBuildPhase section */
		639FA9C7226E5C3F0062E2EA /* Frameworks */ = {
			isa = PBXFrameworksBuildPhase;
			buildActionMask = 2147483647;
			files = (
				8CF01A3D15DDBB221878A6E8 /* Pods_LocalMarketplace.framework in Frameworks */,
			);
			runOnlyForDeploymentPostprocessing = 0;
		};
		639FA9DE226E5C410062E2EA /* Frameworks */ = {
			isa = PBXFrameworksBuildPhase;
			buildActionMask = 2147483647;
			files = (
				E5B7CBA51F86FC68D183E50C /* Pods_LocalMarketplaceTests.framework in Frameworks */,
			);
			runOnlyForDeploymentPostprocessing = 0;
		};
		639FA9E9226E5C410062E2EA /* Frameworks */ = {
			isa = PBXFrameworksBuildPhase;
			buildActionMask = 2147483647;
			files = (
				F946C8B4E1DF8643E9B0CD62 /* Pods_LocalMarketplaceUITests.framework in Frameworks */,
			);
			runOnlyForDeploymentPostprocessing = 0;
		};
/* End PBXFrameworksBuildPhase section */

/* Begin PBXGroup section */
		19F911AB8943CFA6F692D76F /* Frameworks */ = {
			isa = PBXGroup;
			children = (
				F0D0E376724D4342AB2545E8 /* Pods_LocalMarketplace.framework */,
				90AB55BB8EB7D45B28F7A6E4 /* Pods_LocalMarketplaceTests.framework */,
				75532C0B2B4AE2FD34507768 /* Pods_LocalMarketplaceUITests.framework */,
			);
			name = Frameworks;
			sourceTree = "<group>";
		};
		6228C5712280B883002F3A20 /* User-Auth */ = {
			isa = PBXGroup;
			children = (
				6228C5722280B8C0002F3A20 /* LogInViewController.swift */,
				6228C5742280B8C8002F3A20 /* SignUpViewController.swift */,
			);
			path = "User-Auth";
			sourceTree = "<group>";
		};
		62BE5701228B94BC000D9251 /* SortFilter-View */ = {
			isa = PBXGroup;
			children = (
				62BE5702228B94E1000D9251 /* FilterTableViewController.swift */,
				62BE5703228B94E1000D9251 /* FilterViewController.swift */,
				62BE5704228B94E1000D9251 /* SortTableViewController.swift */,
			);
			path = "SortFilter-View";
			sourceTree = "<group>";
		};
		639C23E92279F7E7005F2325 /* Item-View */ = {
			isa = PBXGroup;
			children = (
				639C23EA2279F843005F2325 /* ItemDetailViewController.swift */,
			);
			path = "Item-View";
			sourceTree = "<group>";
		};
		639FA9C1226E5C3F0062E2EA = {
			isa = PBXGroup;
			children = (
				639FA9CC226E5C3F0062E2EA /* LocalMarketplace */,
				639FA9E4226E5C410062E2EA /* LocalMarketplaceTests */,
				639FA9EF226E5C410062E2EA /* LocalMarketplaceUITests */,
				639FA9CB226E5C3F0062E2EA /* Products */,
				E873D8F4B000ECF607B45AE2 /* Pods */,
				19F911AB8943CFA6F692D76F /* Frameworks */,
			);
			sourceTree = "<group>";
		};
		639FA9CB226E5C3F0062E2EA /* Products */ = {
			isa = PBXGroup;
			children = (
				639FA9CA226E5C3F0062E2EA /* LocalMarketplace.app */,
				639FA9E1226E5C410062E2EA /* LocalMarketplaceTests.xctest */,
				639FA9EC226E5C410062E2EA /* LocalMarketplaceUITests.xctest */,
			);
			name = Products;
			sourceTree = "<group>";
		};
		639FA9CC226E5C3F0062E2EA /* LocalMarketplace */ = {
			isa = PBXGroup;
			children = (
				62BE5708228B98EC000D9251 /* logo.png */,
				62BE5701228B94BC000D9251 /* SortFilter-View */,
				6228C5712280B883002F3A20 /* User-Auth */,
				63FD90DD228010B800CFB29D /* User-View */,
				639C23E92279F7E7005F2325 /* Item-View */,
				B5340A822278E35D00D07DB8 /* Sell-View */,
				B5340A812278E33600D07DB8 /* Buy-View */,
				B5340A802278E31800D07DB8 /* Messages */,
				639FA9CD226E5C3F0062E2EA /* AppDelegate.swift */,
				639FA9D1226E5C3F0062E2EA /* Main.storyboard */,
				B5340A852278E58E00D07DB8 /* ItemModel.swift */,
				6228C5762281019E002F3A20 /* MessageModel.swift */,
				6330D809227D4B67001C8375 /* UserModel.swift */,
				639FA9D7226E5C410062E2EA /* Assets.xcassets */,
				639FA9D9226E5C410062E2EA /* LaunchScreen.storyboard */,
				639FA9DC226E5C410062E2EA /* Info.plist */,
				6287031F2280B422009D612D /* GoogleService-Info.plist */,
				639FA9D4226E5C3F0062E2EA /* LocalMarketplace.xcdatamodeld */,
			);
			path = LocalMarketplace;
			sourceTree = "<group>";
		};
		639FA9E4226E5C410062E2EA /* LocalMarketplaceTests */ = {
			isa = PBXGroup;
			children = (
				639FA9E5226E5C410062E2EA /* LocalMarketplaceTests.swift */,
				639FA9E7226E5C410062E2EA /* Info.plist */,
			);
			path = LocalMarketplaceTests;
			sourceTree = "<group>";
		};
		639FA9EF226E5C410062E2EA /* LocalMarketplaceUITests */ = {
			isa = PBXGroup;
			children = (
				639FA9F0226E5C410062E2EA /* LocalMarketplaceUITests.swift */,
				639FA9F2226E5C410062E2EA /* Info.plist */,
			);
			path = LocalMarketplaceUITests;
			sourceTree = "<group>";
		};
		63FD90DD228010B800CFB29D /* User-View */ = {
			isa = PBXGroup;
			children = (
				63FD90DE228010D900CFB29D /* UserViewController.swift */,
			);
			path = "User-View";
			sourceTree = "<group>";
		};
		B5340A802278E31800D07DB8 /* Messages */ = {
			isa = PBXGroup;
			children = (
				637B26BC226F57AE001D42F6 /* MessagesViewController.swift */,
				6340C0AB227261920035F3FA /* MessagesTableViewController.swift */,
				62BDE8A52281D07C00931CAE /* MessageLogController.swift */,
				62BDE8A722823E4E00931CAE /* MessageCell.swift */,
			);
			path = Messages;
			sourceTree = "<group>";
		};
		B5340A812278E33600D07DB8 /* Buy-View */ = {
			isa = PBXGroup;
			children = (
				62BE56FE228B9245000D9251 /* PurchaseViewController.swift */,
				62BE56FC228B9240000D9251 /* FilterSortCollectionViewController.swift */,
				62BE56FA228B9238000D9251 /* FilterSortCellCollectionViewCell.swift */,
				637B26B8226F5791001D42F6 /* BuyViewController.swift */,
				638CB27722710C77005CB451 /* BuyCollectionViewController.swift */,
				634B6E07227910E100362929 /* ExistingItemCollectionViewCell.swift */,
			);
			path = "Buy-View";
			sourceTree = "<group>";
		};
		B5340A822278E35D00D07DB8 /* Sell-View */ = {
			isa = PBXGroup;
			children = (
				B5D126D22278F06F00D435EF /* OwnedItemTableViewCell.swift */,
				B5E150602278EA6200622310 /* NewItemViewController.swift */,
				637B26BA226F579F001D42F6 /* SellViewController.swift */,
			);
			path = "Sell-View";
			sourceTree = "<group>";
		};
		E873D8F4B000ECF607B45AE2 /* Pods */ = {
			isa = PBXGroup;
			children = (
				B5BA7240647F3C09EFCC94BE /* Pods-LocalMarketplace.debug.xcconfig */,
				99A61F8D874108EDF07B4CB0 /* Pods-LocalMarketplace.release.xcconfig */,
				E76BE528BD78BB51629B4F88 /* Pods-LocalMarketplaceTests.debug.xcconfig */,
				FEF66B105D1488F0DD57AF2B /* Pods-LocalMarketplaceTests.release.xcconfig */,
				A4C0E77FF7ADCF6028F855DD /* Pods-LocalMarketplaceUITests.debug.xcconfig */,
				1A1E8C592F035D466B9A8053 /* Pods-LocalMarketplaceUITests.release.xcconfig */,
			);
			path = Pods;
			sourceTree = "<group>";
		};
/* End PBXGroup section */

/* Begin PBXNativeTarget section */
		639FA9C9226E5C3F0062E2EA /* LocalMarketplace */ = {
			isa = PBXNativeTarget;
			buildConfigurationList = 639FA9F5226E5C410062E2EA /* Build configuration list for PBXNativeTarget "LocalMarketplace" */;
			buildPhases = (
				9277E6B901994089962CC599 /* [CP] Check Pods Manifest.lock */,
				639FA9C6226E5C3F0062E2EA /* Sources */,
				639FA9C7226E5C3F0062E2EA /* Frameworks */,
				639FA9C8226E5C3F0062E2EA /* Resources */,
				A42F8D7C9FE088E79A2E25EB /* [CP] Embed Pods Frameworks */,
			);
			buildRules = (
			);
			dependencies = (
			);
			name = LocalMarketplace;
			productName = LocalMarketplace;
			productReference = 639FA9CA226E5C3F0062E2EA /* LocalMarketplace.app */;
			productType = "com.apple.product-type.application";
		};
		639FA9E0226E5C410062E2EA /* LocalMarketplaceTests */ = {
			isa = PBXNativeTarget;
			buildConfigurationList = 639FA9F8226E5C410062E2EA /* Build configuration list for PBXNativeTarget "LocalMarketplaceTests" */;
			buildPhases = (
				43F062FD86887D301B616A9E /* [CP] Check Pods Manifest.lock */,
				639FA9DD226E5C410062E2EA /* Sources */,
				639FA9DE226E5C410062E2EA /* Frameworks */,
				639FA9DF226E5C410062E2EA /* Resources */,
			);
			buildRules = (
			);
			dependencies = (
				639FA9E3226E5C410062E2EA /* PBXTargetDependency */,
			);
			name = LocalMarketplaceTests;
			productName = LocalMarketplaceTests;
			productReference = 639FA9E1226E5C410062E2EA /* LocalMarketplaceTests.xctest */;
			productType = "com.apple.product-type.bundle.unit-test";
		};
		639FA9EB226E5C410062E2EA /* LocalMarketplaceUITests */ = {
			isa = PBXNativeTarget;
			buildConfigurationList = 639FA9FB226E5C410062E2EA /* Build configuration list for PBXNativeTarget "LocalMarketplaceUITests" */;
			buildPhases = (
				6756B613FE24E46B1E1B27F0 /* [CP] Check Pods Manifest.lock */,
				639FA9E8226E5C410062E2EA /* Sources */,
				639FA9E9226E5C410062E2EA /* Frameworks */,
				639FA9EA226E5C410062E2EA /* Resources */,
			);
			buildRules = (
			);
			dependencies = (
				639FA9EE226E5C410062E2EA /* PBXTargetDependency */,
			);
			name = LocalMarketplaceUITests;
			productName = LocalMarketplaceUITests;
			productReference = 639FA9EC226E5C410062E2EA /* LocalMarketplaceUITests.xctest */;
			productType = "com.apple.product-type.bundle.ui-testing";
		};
/* End PBXNativeTarget section */

/* Begin PBXProject section */
		639FA9C2226E5C3F0062E2EA /* Project object */ = {
			isa = PBXProject;
			attributes = {
				LastSwiftUpdateCheck = 1010;
				LastUpgradeCheck = 1010;
				ORGANIZATIONNAME = "John Trinh";
				TargetAttributes = {
					639FA9C9226E5C3F0062E2EA = {
						CreatedOnToolsVersion = 10.1;
					};
					639FA9E0226E5C410062E2EA = {
						CreatedOnToolsVersion = 10.1;
						TestTargetID = 639FA9C9226E5C3F0062E2EA;
					};
					639FA9EB226E5C410062E2EA = {
						CreatedOnToolsVersion = 10.1;
						TestTargetID = 639FA9C9226E5C3F0062E2EA;
					};
				};
			};
			buildConfigurationList = 639FA9C5226E5C3F0062E2EA /* Build configuration list for PBXProject "LocalMarketplace" */;
			compatibilityVersion = "Xcode 9.3";
			developmentRegion = en;
			hasScannedForEncodings = 0;
			knownRegions = (
				en,
				Base,
			);
			mainGroup = 639FA9C1226E5C3F0062E2EA;
			productRefGroup = 639FA9CB226E5C3F0062E2EA /* Products */;
			projectDirPath = "";
			projectRoot = "";
			targets = (
				639FA9C9226E5C3F0062E2EA /* LocalMarketplace */,
				639FA9E0226E5C410062E2EA /* LocalMarketplaceTests */,
				639FA9EB226E5C410062E2EA /* LocalMarketplaceUITests */,
			);
		};
/* End PBXProject section */

/* Begin PBXResourcesBuildPhase section */
		639FA9C8226E5C3F0062E2EA /* Resources */ = {
			isa = PBXResourcesBuildPhase;
			buildActionMask = 2147483647;
			files = (
				639FA9DB226E5C410062E2EA /* LaunchScreen.storyboard in Resources */,
				62BE5709228B98ED000D9251 /* logo.png in Resources */,
				639FA9D8226E5C410062E2EA /* Assets.xcassets in Resources */,
				639FA9D3226E5C3F0062E2EA /* Main.storyboard in Resources */,
				628703202280B422009D612D /* GoogleService-Info.plist in Resources */,
			);
			runOnlyForDeploymentPostprocessing = 0;
		};
		639FA9DF226E5C410062E2EA /* Resources */ = {
			isa = PBXResourcesBuildPhase;
			buildActionMask = 2147483647;
			files = (
			);
			runOnlyForDeploymentPostprocessing = 0;
		};
		639FA9EA226E5C410062E2EA /* Resources */ = {
			isa = PBXResourcesBuildPhase;
			buildActionMask = 2147483647;
			files = (
			);
			runOnlyForDeploymentPostprocessing = 0;
		};
/* End PBXResourcesBuildPhase section */

/* Begin PBXShellScriptBuildPhase section */
		43F062FD86887D301B616A9E /* [CP] Check Pods Manifest.lock */ = {
			isa = PBXShellScriptBuildPhase;
			buildActionMask = 2147483647;
			files = (
			);
			inputFileListPaths = (
			);
			inputPaths = (
				"${PODS_PODFILE_DIR_PATH}/Podfile.lock",
				"${PODS_ROOT}/Manifest.lock",
			);
			name = "[CP] Check Pods Manifest.lock";
			outputFileListPaths = (
			);
			outputPaths = (
				"$(DERIVED_FILE_DIR)/Pods-LocalMarketplaceTests-checkManifestLockResult.txt",
			);
			runOnlyForDeploymentPostprocessing = 0;
			shellPath = /bin/sh;
			shellScript = "diff \"${PODS_PODFILE_DIR_PATH}/Podfile.lock\" \"${PODS_ROOT}/Manifest.lock\" > /dev/null\nif [ $? != 0 ] ; then\n    # print error to STDERR\n    echo \"error: The sandbox is not in sync with the Podfile.lock. Run 'pod install' or update your CocoaPods installation.\" >&2\n    exit 1\nfi\n# This output is used by Xcode 'outputs' to avoid re-running this script phase.\necho \"SUCCESS\" > \"${SCRIPT_OUTPUT_FILE_0}\"\n";
			showEnvVarsInLog = 0;
		};
		6756B613FE24E46B1E1B27F0 /* [CP] Check Pods Manifest.lock */ = {
			isa = PBXShellScriptBuildPhase;
			buildActionMask = 2147483647;
			files = (
			);
			inputFileListPaths = (
			);
			inputPaths = (
				"${PODS_PODFILE_DIR_PATH}/Podfile.lock",
				"${PODS_ROOT}/Manifest.lock",
			);
			name = "[CP] Check Pods Manifest.lock";
			outputFileListPaths = (
			);
			outputPaths = (
				"$(DERIVED_FILE_DIR)/Pods-LocalMarketplaceUITests-checkManifestLockResult.txt",
			);
			runOnlyForDeploymentPostprocessing = 0;
			shellPath = /bin/sh;
			shellScript = "diff \"${PODS_PODFILE_DIR_PATH}/Podfile.lock\" \"${PODS_ROOT}/Manifest.lock\" > /dev/null\nif [ $? != 0 ] ; then\n    # print error to STDERR\n    echo \"error: The sandbox is not in sync with the Podfile.lock. Run 'pod install' or update your CocoaPods installation.\" >&2\n    exit 1\nfi\n# This output is used by Xcode 'outputs' to avoid re-running this script phase.\necho \"SUCCESS\" > \"${SCRIPT_OUTPUT_FILE_0}\"\n";
			showEnvVarsInLog = 0;
		};
		9277E6B901994089962CC599 /* [CP] Check Pods Manifest.lock */ = {
			isa = PBXShellScriptBuildPhase;
			buildActionMask = 2147483647;
			files = (
			);
			inputFileListPaths = (
			);
			inputPaths = (
				"${PODS_PODFILE_DIR_PATH}/Podfile.lock",
				"${PODS_ROOT}/Manifest.lock",
			);
			name = "[CP] Check Pods Manifest.lock";
			outputFileListPaths = (
			);
			outputPaths = (
				"$(DERIVED_FILE_DIR)/Pods-LocalMarketplace-checkManifestLockResult.txt",
			);
			runOnlyForDeploymentPostprocessing = 0;
			shellPath = /bin/sh;
			shellScript = "diff \"${PODS_PODFILE_DIR_PATH}/Podfile.lock\" \"${PODS_ROOT}/Manifest.lock\" > /dev/null\nif [ $? != 0 ] ; then\n    # print error to STDERR\n    echo \"error: The sandbox is not in sync with the Podfile.lock. Run 'pod install' or update your CocoaPods installation.\" >&2\n    exit 1\nfi\n# This output is used by Xcode 'outputs' to avoid re-running this script phase.\necho \"SUCCESS\" > \"${SCRIPT_OUTPUT_FILE_0}\"\n";
			showEnvVarsInLog = 0;
		};
		A42F8D7C9FE088E79A2E25EB /* [CP] Embed Pods Frameworks */ = {
			isa = PBXShellScriptBuildPhase;
			buildActionMask = 2147483647;
			files = (
			);
			inputFileListPaths = (
			);
			inputPaths = (
				"${PODS_ROOT}/Target Support Files/Pods-LocalMarketplace/Pods-LocalMarketplace-frameworks.sh",
				"${BUILT_PRODUCTS_DIR}/GTMSessionFetcher/GTMSessionFetcher.framework",
				"${BUILT_PRODUCTS_DIR}/GoogleUtilities/GoogleUtilities.framework",
				"${BUILT_PRODUCTS_DIR}/leveldb-library/leveldb.framework",
				"${BUILT_PRODUCTS_DIR}/nanopb/nanopb.framework",
			);
			name = "[CP] Embed Pods Frameworks";
			outputFileListPaths = (
			);
			outputPaths = (
				"${TARGET_BUILD_DIR}/${FRAMEWORKS_FOLDER_PATH}/GTMSessionFetcher.framework",
				"${TARGET_BUILD_DIR}/${FRAMEWORKS_FOLDER_PATH}/GoogleUtilities.framework",
				"${TARGET_BUILD_DIR}/${FRAMEWORKS_FOLDER_PATH}/leveldb.framework",
				"${TARGET_BUILD_DIR}/${FRAMEWORKS_FOLDER_PATH}/nanopb.framework",
			);
			runOnlyForDeploymentPostprocessing = 0;
			shellPath = /bin/sh;
			shellScript = "\"${PODS_ROOT}/Target Support Files/Pods-LocalMarketplace/Pods-LocalMarketplace-frameworks.sh\"\n";
			showEnvVarsInLog = 0;
		};
/* End PBXShellScriptBuildPhase section */

/* Begin PBXSourcesBuildPhase section */
		639FA9C6226E5C3F0062E2EA /* Sources */ = {
			isa = PBXSourcesBuildPhase;
			buildActionMask = 2147483647;
			files = (
				634B6E09227910E100362929 /* ExistingItemCollectionViewCell.swift in Sources */,
				63FD90DF228010D900CFB29D /* UserViewController.swift in Sources */,
				B5D126D32278F06F00D435EF /* OwnedItemTableViewCell.swift in Sources */,
				637B26BB226F579F001D42F6 /* SellViewController.swift in Sources */,
				6228C5732280B8C0002F3A20 /* LogInViewController.swift in Sources */,
				B5340A862278E58E00D07DB8 /* ItemModel.swift in Sources */,
				6228C5752280B8C8002F3A20 /* SignUpViewController.swift in Sources */,
				639FA9D6226E5C3F0062E2EA /* LocalMarketplace.xcdatamodeld in Sources */,
				6330D80A227D4B67001C8375 /* UserModel.swift in Sources */,
				62BDE8A62281D07C00931CAE /* MessageLogController.swift in Sources */,
				62BDE8A822823E4E00931CAE /* MessageCell.swift in Sources */,
				62BE56FF228B9245000D9251 /* PurchaseViewController.swift in Sources */,
				B5E150612278EA6200622310 /* NewItemViewController.swift in Sources */,
				62BE5705228B94E1000D9251 /* FilterTableViewController.swift in Sources */,
				6228C5772281019E002F3A20 /* MessageModel.swift in Sources */,
				638CB27822710C77005CB451 /* BuyCollectionViewController.swift in Sources */,
				62BE56FD228B9240000D9251 /* FilterSortCollectionViewController.swift in Sources */,
				62BE56FB228B9238000D9251 /* FilterSortCellCollectionViewCell.swift in Sources */,
				62BE5706228B94E1000D9251 /* FilterViewController.swift in Sources */,
				639FA9CE226E5C3F0062E2EA /* AppDelegate.swift in Sources */,
				637B26BD226F57AE001D42F6 /* MessagesViewController.swift in Sources */,
				62BE5707228B94E1000D9251 /* SortTableViewController.swift in Sources */,
				639C23EB2279F843005F2325 /* ItemDetailViewController.swift in Sources */,
				637B26B9226F5791001D42F6 /* BuyViewController.swift in Sources */,
				6340C0AC227261920035F3FA /* MessagesTableViewController.swift in Sources */,
			);
			runOnlyForDeploymentPostprocessing = 0;
		};
		639FA9DD226E5C410062E2EA /* Sources */ = {
			isa = PBXSourcesBuildPhase;
			buildActionMask = 2147483647;
			files = (
				639FA9E6226E5C410062E2EA /* LocalMarketplaceTests.swift in Sources */,
			);
			runOnlyForDeploymentPostprocessing = 0;
		};
		639FA9E8226E5C410062E2EA /* Sources */ = {
			isa = PBXSourcesBuildPhase;
			buildActionMask = 2147483647;
			files = (
				639FA9F1226E5C410062E2EA /* LocalMarketplaceUITests.swift in Sources */,
			);
			runOnlyForDeploymentPostprocessing = 0;
		};
/* End PBXSourcesBuildPhase section */

/* Begin PBXTargetDependency section */
		639FA9E3226E5C410062E2EA /* PBXTargetDependency */ = {
			isa = PBXTargetDependency;
			target = 639FA9C9226E5C3F0062E2EA /* LocalMarketplace */;
			targetProxy = 639FA9E2226E5C410062E2EA /* PBXContainerItemProxy */;
		};
		639FA9EE226E5C410062E2EA /* PBXTargetDependency */ = {
			isa = PBXTargetDependency;
			target = 639FA9C9226E5C3F0062E2EA /* LocalMarketplace */;
			targetProxy = 639FA9ED226E5C410062E2EA /* PBXContainerItemProxy */;
		};
/* End PBXTargetDependency section */

/* Begin PBXVariantGroup section */
		639FA9D1226E5C3F0062E2EA /* Main.storyboard */ = {
			isa = PBXVariantGroup;
			children = (
				639FA9D2226E5C3F0062E2EA /* Base */,
			);
			name = Main.storyboard;
			sourceTree = "<group>";
		};
		639FA9D9226E5C410062E2EA /* LaunchScreen.storyboard */ = {
			isa = PBXVariantGroup;
			children = (
				639FA9DA226E5C410062E2EA /* Base */,
			);
			name = LaunchScreen.storyboard;
			sourceTree = "<group>";
		};
/* End PBXVariantGroup section */

/* Begin XCBuildConfiguration section */
		639FA9F3226E5C410062E2EA /* Debug */ = {
			isa = XCBuildConfiguration;
			buildSettings = {
				ALWAYS_SEARCH_USER_PATHS = NO;
				CLANG_ANALYZER_NONNULL = YES;
				CLANG_ANALYZER_NUMBER_OBJECT_CONVERSION = YES_AGGRESSIVE;
				CLANG_CXX_LANGUAGE_STANDARD = "gnu++14";
				CLANG_CXX_LIBRARY = "libc++";
				CLANG_ENABLE_MODULES = YES;
				CLANG_ENABLE_OBJC_ARC = YES;
				CLANG_ENABLE_OBJC_WEAK = YES;
				CLANG_WARN_BLOCK_CAPTURE_AUTORELEASING = YES;
				CLANG_WARN_BOOL_CONVERSION = YES;
				CLANG_WARN_COMMA = YES;
				CLANG_WARN_CONSTANT_CONVERSION = YES;
				CLANG_WARN_DEPRECATED_OBJC_IMPLEMENTATIONS = YES;
				CLANG_WARN_DIRECT_OBJC_ISA_USAGE = YES_ERROR;
				CLANG_WARN_DOCUMENTATION_COMMENTS = YES;
				CLANG_WARN_EMPTY_BODY = YES;
				CLANG_WARN_ENUM_CONVERSION = YES;
				CLANG_WARN_INFINITE_RECURSION = YES;
				CLANG_WARN_INT_CONVERSION = YES;
				CLANG_WARN_NON_LITERAL_NULL_CONVERSION = YES;
				CLANG_WARN_OBJC_IMPLICIT_RETAIN_SELF = YES;
				CLANG_WARN_OBJC_LITERAL_CONVERSION = YES;
				CLANG_WARN_OBJC_ROOT_CLASS = YES_ERROR;
				CLANG_WARN_RANGE_LOOP_ANALYSIS = YES;
				CLANG_WARN_STRICT_PROTOTYPES = YES;
				CLANG_WARN_SUSPICIOUS_MOVE = YES;
				CLANG_WARN_UNGUARDED_AVAILABILITY = YES_AGGRESSIVE;
				CLANG_WARN_UNREACHABLE_CODE = YES;
				CLANG_WARN__DUPLICATE_METHOD_MATCH = YES;
				CODE_SIGN_IDENTITY = "iPhone Developer";
				COPY_PHASE_STRIP = NO;
				DEBUG_INFORMATION_FORMAT = dwarf;
				ENABLE_STRICT_OBJC_MSGSEND = YES;
				ENABLE_TESTABILITY = YES;
				GCC_C_LANGUAGE_STANDARD = gnu11;
				GCC_DYNAMIC_NO_PIC = NO;
				GCC_NO_COMMON_BLOCKS = YES;
				GCC_OPTIMIZATION_LEVEL = 0;
				GCC_PREPROCESSOR_DEFINITIONS = (
					"DEBUG=1",
					"$(inherited)",
				);
				GCC_WARN_64_TO_32_BIT_CONVERSION = YES;
				GCC_WARN_ABOUT_RETURN_TYPE = YES_ERROR;
				GCC_WARN_UNDECLARED_SELECTOR = YES;
				GCC_WARN_UNINITIALIZED_AUTOS = YES_AGGRESSIVE;
				GCC_WARN_UNUSED_FUNCTION = YES;
				GCC_WARN_UNUSED_VARIABLE = YES;
				IPHONEOS_DEPLOYMENT_TARGET = 12.1;
				MTL_ENABLE_DEBUG_INFO = INCLUDE_SOURCE;
				MTL_FAST_MATH = YES;
				ONLY_ACTIVE_ARCH = YES;
				SDKROOT = iphoneos;
				SWIFT_ACTIVE_COMPILATION_CONDITIONS = DEBUG;
				SWIFT_OPTIMIZATION_LEVEL = "-Onone";
			};
			name = Debug;
		};
		639FA9F4226E5C410062E2EA /* Release */ = {
			isa = XCBuildConfiguration;
			buildSettings = {
				ALWAYS_SEARCH_USER_PATHS = NO;
				CLANG_ANALYZER_NONNULL = YES;
				CLANG_ANALYZER_NUMBER_OBJECT_CONVERSION = YES_AGGRESSIVE;
				CLANG_CXX_LANGUAGE_STANDARD = "gnu++14";
				CLANG_CXX_LIBRARY = "libc++";
				CLANG_ENABLE_MODULES = YES;
				CLANG_ENABLE_OBJC_ARC = YES;
				CLANG_ENABLE_OBJC_WEAK = YES;
				CLANG_WARN_BLOCK_CAPTURE_AUTORELEASING = YES;
				CLANG_WARN_BOOL_CONVERSION = YES;
				CLANG_WARN_COMMA = YES;
				CLANG_WARN_CONSTANT_CONVERSION = YES;
				CLANG_WARN_DEPRECATED_OBJC_IMPLEMENTATIONS = YES;
				CLANG_WARN_DIRECT_OBJC_ISA_USAGE = YES_ERROR;
				CLANG_WARN_DOCUMENTATION_COMMENTS = YES;
				CLANG_WARN_EMPTY_BODY = YES;
				CLANG_WARN_ENUM_CONVERSION = YES;
				CLANG_WARN_INFINITE_RECURSION = YES;
				CLANG_WARN_INT_CONVERSION = YES;
				CLANG_WARN_NON_LITERAL_NULL_CONVERSION = YES;
				CLANG_WARN_OBJC_IMPLICIT_RETAIN_SELF = YES;
				CLANG_WARN_OBJC_LITERAL_CONVERSION = YES;
				CLANG_WARN_OBJC_ROOT_CLASS = YES_ERROR;
				CLANG_WARN_RANGE_LOOP_ANALYSIS = YES;
				CLANG_WARN_STRICT_PROTOTYPES = YES;
				CLANG_WARN_SUSPICIOUS_MOVE = YES;
				CLANG_WARN_UNGUARDED_AVAILABILITY = YES_AGGRESSIVE;
				CLANG_WARN_UNREACHABLE_CODE = YES;
				CLANG_WARN__DUPLICATE_METHOD_MATCH = YES;
				CODE_SIGN_IDENTITY = "iPhone Developer";
				COPY_PHASE_STRIP = NO;
				DEBUG_INFORMATION_FORMAT = "dwarf-with-dsym";
				ENABLE_NS_ASSERTIONS = NO;
				ENABLE_STRICT_OBJC_MSGSEND = YES;
				GCC_C_LANGUAGE_STANDARD = gnu11;
				GCC_NO_COMMON_BLOCKS = YES;
				GCC_WARN_64_TO_32_BIT_CONVERSION = YES;
				GCC_WARN_ABOUT_RETURN_TYPE = YES_ERROR;
				GCC_WARN_UNDECLARED_SELECTOR = YES;
				GCC_WARN_UNINITIALIZED_AUTOS = YES_AGGRESSIVE;
				GCC_WARN_UNUSED_FUNCTION = YES;
				GCC_WARN_UNUSED_VARIABLE = YES;
				IPHONEOS_DEPLOYMENT_TARGET = 12.1;
				MTL_ENABLE_DEBUG_INFO = NO;
				MTL_FAST_MATH = YES;
				SDKROOT = iphoneos;
				SWIFT_COMPILATION_MODE = wholemodule;
				SWIFT_OPTIMIZATION_LEVEL = "-O";
				VALIDATE_PRODUCT = YES;
			};
			name = Release;
		};
		639FA9F6226E5C410062E2EA /* Debug */ = {
			isa = XCBuildConfiguration;
			baseConfigurationReference = B5BA7240647F3C09EFCC94BE /* Pods-LocalMarketplace.debug.xcconfig */;
			buildSettings = {
				ASSETCATALOG_COMPILER_APPICON_NAME = AppIcon;
				CODE_SIGN_STYLE = Automatic;
				DEVELOPMENT_TEAM = 85MY5NRCVT;
				INFOPLIST_FILE = LocalMarketplace/Info.plist;
				LD_RUNPATH_SEARCH_PATHS = (
					"$(inherited)",
					"@executable_path/Frameworks",
				);
				PRODUCT_BUNDLE_IDENTIFIER = jtrinh.LocalMarketplace;
				PRODUCT_NAME = "$(TARGET_NAME)";
				SWIFT_VERSION = 4.2;
				TARGETED_DEVICE_FAMILY = "1,2";
			};
			name = Debug;
		};
		639FA9F7226E5C410062E2EA /* Release */ = {
			isa = XCBuildConfiguration;
			baseConfigurationReference = 99A61F8D874108EDF07B4CB0 /* Pods-LocalMarketplace.release.xcconfig */;
			buildSettings = {
				ASSETCATALOG_COMPILER_APPICON_NAME = AppIcon;
				CODE_SIGN_STYLE = Automatic;
				DEVELOPMENT_TEAM = 85MY5NRCVT;
				INFOPLIST_FILE = LocalMarketplace/Info.plist;
				LD_RUNPATH_SEARCH_PATHS = (
					"$(inherited)",
					"@executable_path/Frameworks",
				);
				PRODUCT_BUNDLE_IDENTIFIER = jtrinh.LocalMarketplace;
				PRODUCT_NAME = "$(TARGET_NAME)";
				SWIFT_VERSION = 4.2;
				TARGETED_DEVICE_FAMILY = "1,2";
			};
			name = Release;
		};
		639FA9F9226E5C410062E2EA /* Debug */ = {
			isa = XCBuildConfiguration;
			baseConfigurationReference = E76BE528BD78BB51629B4F88 /* Pods-LocalMarketplaceTests.debug.xcconfig */;
			buildSettings = {
				ALWAYS_EMBED_SWIFT_STANDARD_LIBRARIES = YES;
				BUNDLE_LOADER = "$(TEST_HOST)";
				CODE_SIGN_STYLE = Automatic;
				DEVELOPMENT_TEAM = PVTSW2WF9K;
				INFOPLIST_FILE = LocalMarketplaceTests/Info.plist;
				LD_RUNPATH_SEARCH_PATHS = (
					"$(inherited)",
					"@executable_path/Frameworks",
					"@loader_path/Frameworks",
				);
				PRODUCT_BUNDLE_IDENTIFIER = jtrinh.LocalMarketplaceTests;
				PRODUCT_NAME = "$(TARGET_NAME)";
				SWIFT_VERSION = 4.2;
				TARGETED_DEVICE_FAMILY = "1,2";
				TEST_HOST = "$(BUILT_PRODUCTS_DIR)/LocalMarketplace.app/LocalMarketplace";
			};
			name = Debug;
		};
		639FA9FA226E5C410062E2EA /* Release */ = {
			isa = XCBuildConfiguration;
			baseConfigurationReference = FEF66B105D1488F0DD57AF2B /* Pods-LocalMarketplaceTests.release.xcconfig */;
			buildSettings = {
				ALWAYS_EMBED_SWIFT_STANDARD_LIBRARIES = YES;
				BUNDLE_LOADER = "$(TEST_HOST)";
				CODE_SIGN_STYLE = Automatic;
				DEVELOPMENT_TEAM = PVTSW2WF9K;
				INFOPLIST_FILE = LocalMarketplaceTests/Info.plist;
				LD_RUNPATH_SEARCH_PATHS = (
					"$(inherited)",
					"@executable_path/Frameworks",
					"@loader_path/Frameworks",
				);
				PRODUCT_BUNDLE_IDENTIFIER = jtrinh.LocalMarketplaceTests;
				PRODUCT_NAME = "$(TARGET_NAME)";
				SWIFT_VERSION = 4.2;
				TARGETED_DEVICE_FAMILY = "1,2";
				TEST_HOST = "$(BUILT_PRODUCTS_DIR)/LocalMarketplace.app/LocalMarketplace";
			};
			name = Release;
		};
		639FA9FC226E5C410062E2EA /* Debug */ = {
			isa = XCBuildConfiguration;
			baseConfigurationReference = A4C0E77FF7ADCF6028F855DD /* Pods-LocalMarketplaceUITests.debug.xcconfig */;
			buildSettings = {
				ALWAYS_EMBED_SWIFT_STANDARD_LIBRARIES = YES;
				CODE_SIGN_STYLE = Automatic;
				DEVELOPMENT_TEAM = PVTSW2WF9K;
				INFOPLIST_FILE = LocalMarketplaceUITests/Info.plist;
				LD_RUNPATH_SEARCH_PATHS = (
					"$(inherited)",
					"@executable_path/Frameworks",
					"@loader_path/Frameworks",
				);
				PRODUCT_BUNDLE_IDENTIFIER = jtrinh.LocalMarketplaceUITests;
				PRODUCT_NAME = "$(TARGET_NAME)";
				SWIFT_VERSION = 4.2;
				TARGETED_DEVICE_FAMILY = "1,2";
				TEST_TARGET_NAME = LocalMarketplace;
			};
			name = Debug;
		};
		639FA9FD226E5C410062E2EA /* Release */ = {
			isa = XCBuildConfiguration;
			baseConfigurationReference = 1A1E8C592F035D466B9A8053 /* Pods-LocalMarketplaceUITests.release.xcconfig */;
			buildSettings = {
				ALWAYS_EMBED_SWIFT_STANDARD_LIBRARIES = YES;
				CODE_SIGN_STYLE = Automatic;
				DEVELOPMENT_TEAM = PVTSW2WF9K;
				INFOPLIST_FILE = LocalMarketplaceUITests/Info.plist;
				LD_RUNPATH_SEARCH_PATHS = (
					"$(inherited)",
					"@executable_path/Frameworks",
					"@loader_path/Frameworks",
				);
				PRODUCT_BUNDLE_IDENTIFIER = jtrinh.LocalMarketplaceUITests;
				PRODUCT_NAME = "$(TARGET_NAME)";
				SWIFT_VERSION = 4.2;
				TARGETED_DEVICE_FAMILY = "1,2";
				TEST_TARGET_NAME = LocalMarketplace;
			};
			name = Release;
		};
/* End XCBuildConfiguration section */

/* Begin XCConfigurationList section */
		639FA9C5226E5C3F0062E2EA /* Build configuration list for PBXProject "LocalMarketplace" */ = {
			isa = XCConfigurationList;
			buildConfigurations = (
				639FA9F3226E5C410062E2EA /* Debug */,
				639FA9F4226E5C410062E2EA /* Release */,
			);
			defaultConfigurationIsVisible = 0;
			defaultConfigurationName = Release;
		};
		639FA9F5226E5C410062E2EA /* Build configuration list for PBXNativeTarget "LocalMarketplace" */ = {
			isa = XCConfigurationList;
			buildConfigurations = (
				639FA9F6226E5C410062E2EA /* Debug */,
				639FA9F7226E5C410062E2EA /* Release */,
			);
			defaultConfigurationIsVisible = 0;
			defaultConfigurationName = Release;
		};
		639FA9F8226E5C410062E2EA /* Build configuration list for PBXNativeTarget "LocalMarketplaceTests" */ = {
			isa = XCConfigurationList;
			buildConfigurations = (
				639FA9F9226E5C410062E2EA /* Debug */,
				639FA9FA226E5C410062E2EA /* Release */,
			);
			defaultConfigurationIsVisible = 0;
			defaultConfigurationName = Release;
		};
		639FA9FB226E5C410062E2EA /* Build configuration list for PBXNativeTarget "LocalMarketplaceUITests" */ = {
			isa = XCConfigurationList;
			buildConfigurations = (
				639FA9FC226E5C410062E2EA /* Debug */,
				639FA9FD226E5C410062E2EA /* Release */,
			);
			defaultConfigurationIsVisible = 0;
			defaultConfigurationName = Release;
		};
/* End XCConfigurationList section */

/* Begin XCVersionGroup section */
		639FA9D4226E5C3F0062E2EA /* LocalMarketplace.xcdatamodeld */ = {
			isa = XCVersionGroup;
			children = (
				639FA9D5226E5C3F0062E2EA /* LocalMarketplace.xcdatamodel */,
			);
			currentVersion = 639FA9D5226E5C3F0062E2EA /* LocalMarketplace.xcdatamodel */;
			path = LocalMarketplace.xcdatamodeld;
			sourceTree = "<group>";
			versionGroupType = wrapper.xcdatamodel;
		};
/* End XCVersionGroup section */
	};
	rootObject = 639FA9C2226E5C3F0062E2EA /* Project object */;
}
